PODS:
  - BVLinearGradient (2.5.3):
    - React
  - GoogleSignIn (4.4.0):
    - "GoogleToolboxForMac/NSDictionary+URLArguments (~> 2.1)"
    - "GoogleToolboxForMac/NSString+URLArguments (~> 2.1)"
    - GTMSessionFetcher/Core (~> 1.1)
  - GoogleToolboxForMac/DebugUtils (2.2.0):
    - GoogleToolboxForMac/Defines (= 2.2.0)
  - GoogleToolboxForMac/Defines (2.2.0)
  - "GoogleToolboxForMac/NSDictionary+URLArguments (2.2.0)":
    - GoogleToolboxForMac/DebugUtils (= 2.2.0)
    - GoogleToolboxForMac/Defines (= 2.2.0)
    - "GoogleToolboxForMac/NSString+URLArguments (= 2.2.0)"
  - "GoogleToolboxForMac/NSString+URLArguments (2.2.0)"
  - GTMSessionFetcher/Core (1.2.1)
  - lottie-ios (2.5.2)
  - lottie-react-native (2.3.2):
    - lottie-ios
    - React
  - React (0.57.8):
    - React/Core (= 0.57.8)
  - React/Core (0.57.8):
    - yoga (= 0.57.8.React)
  - RNGestureHandler (1.0.15):
    - React
  - yoga (0.57.8.React)

DEPENDENCIES:
  - BVLinearGradient (from `../node_modules/react-native-linear-gradient`)
  - GoogleSignIn
  - lottie-react-native (from `../node_modules/lottie-react-native`)
  - React (from `../node_modules/react-native`)
  - RNGestureHandler (from `../node_modules/react-native-gesture-handler`)
  - yoga (from `../node_modules/react-native/ReactCommon/yoga`)

SPEC REPOS:
  https://github.com/cocoapods/specs.git:
    - GoogleSignIn
    - GoogleToolboxForMac
    - GTMSessionFetcher
    - lottie-ios

EXTERNAL SOURCES:
  BVLinearGradient:
    :path: "../node_modules/react-native-linear-gradient"
  lottie-react-native:
    :path: "../node_modules/lottie-react-native"
  React:
    :path: "../node_modules/react-native"
  RNGestureHandler:
    :path: "../node_modules/react-native-gesture-handler"
  yoga:
    :path: "../node_modules/react-native/ReactCommon/yoga"

SPEC CHECKSUMS:
  BVLinearGradient: 0d985ec461359c82bc254f26d11008bdae50d17a
  GoogleSignIn: 7ff245e1a7b26d379099d3243a562f5747e23d39
  GoogleToolboxForMac: ff31605b7d66400dcec09bed5861689aebadda4d
  GTMSessionFetcher: 32aeca0aa144acea523e1c8e053089dec2cb98ca
  lottie-ios: 3fef45d3fabe63e3c7c2eb603dd64ddfffc73062
  lottie-react-native: f2e118cc10f478bc9857bbdb5568b6f4a9d30cf7
  React: adbac0757ce35e92fbd447ab98c810209d27d9b0
  RNGestureHandler: 14c09a7361c272efea8f7f3799142c893a6a4485
  yoga: 74cdf036c30820443b25ade59916236b1e95ee93

PODFILE CHECKSUM: 413200bcadb10194bdb2aa5d853a74a8d9bd16db

COCOAPODS: 1.6.0
